
Microsoft Visual Studio Solution File, Format Version 12.00
# Visual Studio Version 17
VisualStudioVersion = 17.4.33213.308
MinimumVisualStudioVersion = 10.0.40219.1
Project("{FAE04EC0-301F-11D3-BF4B-00C04F79EFBC}") = "package_management", "package_management\package_management.csproj", "{D8C5C102-0123-490F-AF70-076C49D4AB9A}"
EndProject
Global
	GlobalSection(SolutionConfigurationPlatforms) = preSolution
		Debug|Any CPU = Debug|Any CPU
		Release|Any CPU = Release|Any CPU
	EndGlobalSection
	GlobalSection(ProjectConfigurationPlatforms) = postSolution
		{D8C5C102-0123-490F-AF70-076C49D4AB9A}.Debug|Any CPU.ActiveCfg = Debug|Any CPU
		{D8C5C102-0123-490F-AF70-076C49D4AB9A}.Debug|Any CPU.Build.0 = Debug|Any CPU
		{D8C5C102-0123-490F-AF70-076C49D4AB9A}.Release|Any CPU.ActiveCfg = Release|Any CPU
		{D8C5C102-0123-490F-AF70-076C49D4AB9A}.Release|Any CPU.Build.0 = Release|Any CPU
	EndGlobalSection
	GlobalSection(SolutionProperties) = preSolution
		HideSolutionNode = FALSE
	EndGlobalSection
	GlobalSection(ExtensibilityGlobals) = postSolution
		SolutionGuid = {A3FC750A-A7A3-452D-94DA-DE03319DF859}
	EndGlobalSection
EndGlobal
